{
  "name": "Test",
  "version": "0.0.0",
  "lockfileVersion": 1,
  "requires": true,
  "dependencies": {
    "deepmerge": {
      "version": "4.2.2",
      "resolved": "https://registry.npmjs.org/deepmerge/-/deepmerge-4.2.2.tgz",
      "integrity": "sha512-FJ3UgI4gIl+PHZm53knsuSFpE+nESMr7M4v9QcgB7S63Kj/6WqMiFQJpBBYz1Pt+66bZpP3Q7Lye0Oo9MPKEdg=="
    },
    "discord-giveaways": {
      "version": "4.1.8",
      "resolved": "https://registry.npmjs.org/discord-giveaways/-/discord-giveaways-4.1.8.tgz",
      "integrity": "sha512-0ytX1Rv35ppn4ueFmJ9ovdMFUj2/11DlDQZtmfxW9E5PHs9QACj7BO8gBNh3rbRIMwC2Sa9h6GvpdwqkSv6uCg==",
      "requires": {
        "deepmerge": "^4.2.2"
      }
    },
    "fs": {
      "version": "0.0.1-security",
      "resolved": "https://registry.npmjs.org/fs/-/fs-0.0.1-security.tgz",
      "integrity": "sha1-invTcYa23d84E/I4WLV+yq9eQdQ="
    },
    "ms": {
      "version": "2.1.2",
      "resolved": "https://registry.npmjs.org/ms/-/ms-2.1.2.tgz",
      "integrity": "sha512-sGkPx+VjMtmA6MX27oA4FBFELFCZZ4S4XqeGOXCv68tT+jb3vk/RyaKWP0PTKyWtmLSM0b+adUTEvbs1PEaH2w=="
    }
  }
}
